hash: 6bd0e5689ee815a49f86ed014a4b947b1e7d43e6f6e71c0c825d595d5c7a4544
updated: 2018-03-07T18:49:16.052742372+06:00
imports:
- name: github.com/appscode/go
  version: c312c0a1fe0d4988480073287b8633fc5a244647
  subpackages:
  - analytics
  - homedir
  - log/golog
  - version
- name: github.com/golang/glog
  version: 44145f04b68cf362d9c4df2182967c2275eaefed
- name: github.com/google/uuid
  version: dec09d789f3dba190787f8b4454c7d3c936fed9e
- name: github.com/inconshreveable/mousetrap
  version: 76626ae9c91c4f2a10f34cad8ce83ea42c93bb75
- name: github.com/jpillora/go-ogle-analytics
  version: 14b04e0594ef6a9fd943363b135656f0ec8c9d0e
- name: github.com/spf13/cobra
  version: c6c44e6fdcc30161c7f4480754da7230d01c06e3
- name: github.com/spf13/pflag
  version: e57e3eeb33f795204c1ca35f56c44f83227c6e66
testImports: []
